
Microsoft Visual Studio Solution File, Format Version 12.00
# Visual Studio Version 17
VisualStudioVersion = 17.4.33213.308
MinimumVisualStudioVersion = 10.0.40219.1
Project("{FAE04EC0-301F-11D3-BF4B-00C04F79EFBC}") = "UI", "UI\UI.csproj", "{4D4E6C35-ACD6-45B0-A1C8-25393940C706}"
EndProject
Project("{FAE04EC0-301F-11D3-BF4B-00C04F79EFBC}") = "UI.Demo", "UI.Demo\UI.Demo.csproj", "{82489376-0882-4A5F-8813-9A4DD90EA2A6}"
EndProject
Global
	GlobalSection(SolutionConfigurationPlatforms) = preSolution
		Debug|Any CPU = Debug|Any CPU
		Release|Any CPU = Release|Any CPU
	EndGlobalSection
	GlobalSection(ProjectConfigurationPlatforms) = postSolution
		{4D4E6C35-ACD6-45B0-A1C8-25393940C706}.Debug|Any CPU.ActiveCfg = Debug|Any CPU
		{4D4E6C35-ACD6-45B0-A1C8-25393940C706}.Debug|Any CPU.Build.0 = Debug|Any CPU
		{4D4E6C35-ACD6-45B0-A1C8-25393940C706}.Release|Any CPU.ActiveCfg = Release|Any CPU
		{4D4E6C35-ACD6-45B0-A1C8-25393940C706}.Release|Any CPU.Build.0 = Release|Any CPU
		{82489376-0882-4A5F-8813-9A4DD90EA2A6}.Debug|Any CPU.ActiveCfg = Debug|Any CPU
		{82489376-0882-4A5F-8813-9A4DD90EA2A6}.Debug|Any CPU.Build.0 = Debug|Any CPU
		{82489376-0882-4A5F-8813-9A4DD90EA2A6}.Release|Any CPU.ActiveCfg = Release|Any CPU
		{82489376-0882-4A5F-8813-9A4DD90EA2A6}.Release|Any CPU.Build.0 = Release|Any CPU
	EndGlobalSection
	GlobalSection(SolutionProperties) = preSolution
		HideSolutionNode = FALSE
	EndGlobalSection
	GlobalSection(ExtensibilityGlobals) = postSolution
		SolutionGuid = {DBCAC053-6654-4FE6-9125-DE024A99376F}
	EndGlobalSection
EndGlobal
